{
    "_meta": {
        "hash": {
            "sha256": "1a098e046ebe69ca84d2acffbb97bdb71e68d0de2f090278c14f3d6d397b8b74"
        },
        "pipfile-spec": 6,
        "requires": {
            "python_version": "3.6"
        },
        "sources": [
            {
                "name": "pypi",
                "url": "https://pypi.org/simple",
                "verify_ssl": true
            }
        ]
    },
    "default": {
        "adafruit-ampy": {
            "hashes": [
                "sha256:1055827874010f48c7dbd3cde4b1d7c6f6732661fad193b188a398e88961fc62"
            ],
            "index": "pypi",
            "version": "==1.0.5"
        },
        "ampy": {
            "hashes": [
                "sha256:515e93d680cdccd9fd05c5eb2105a2db7110f116cc15c3e0a23cc7b185d47c1d"
            ],
            "index": "pypi",
            "version": "==1.2.6"
        },
        "click": {
            "hashes": [
                "sha256:29f99fc6125fbc931b758dc053b3114e55c77a6e4c6c3a2674a2dc986016381d",
                "sha256:f15516df478d5a56180fbf80e68f206010e6d160fc39fa508b65e035fd75130b"
            ],
            "version": "==6.7"
        },
        "pyserial": {
            "hashes": [
                "sha256:6e2d401fdee0eab996cf734e67773a0143b932772ca8b42451440cfed942c627",
                "sha256:e0770fadba80c31013896c7e6ef703f72e7834965954a78e71a3049488d4d7d8"
            ],
            "version": "==3.4"
        },
        "python-dotenv": {
            "hashes": [
                "sha256:122290a38ece9fe4f162dc7c95cae3357b983505830a154d3c98ef7f6c6cea77",
                "sha256:4a205787bc829233de2a823aa328e44fd9996fedb954989a21f1fc67c13d7a77"
            ],
            "version": "==0.9.1"
        },
        "python-osc": {
            "hashes": [
                "sha256:983f327cfe48d0a020432abd933942711c63697333faab9b1d47b7658b7e08de"
            ],
            "index": "pypi",
            "version": "==1.6.8"
        }
    },
    "develop": {}
}
